
Microsoft Visual Studio Solution File, Format Version 12.00
# Visual Studio Version 17
VisualStudioVersion = 17.11.35312.102
MinimumVisualStudioVersion = 10.0.40219.1
Project("{FAE04EC0-301F-11D3-BF4B-00C04F79EFBC}") = "App_Ngan_Hang", "ConsoleApp1\App_Ngan_Hang.csproj", "{1A77B7C0-2333-49B8-8470-6E22026B595A}"
EndProject
Global
	GlobalSection(SolutionConfigurationPlatforms) = preSolution
		Debug|Any CPU = Debug|Any CPU
		Release|Any CPU = Release|Any CPU
	EndGlobalSection
	GlobalSection(ProjectConfigurationPlatforms) = postSolution
		{1A77B7C0-2333-49B8-8470-6E22026B595A}.Debug|Any CPU.ActiveCfg = Debug|Any CPU
		{1A77B7C0-2333-49B8-8470-6E22026B595A}.Debug|Any CPU.Build.0 = Debug|Any CPU
		{1A77B7C0-2333-49B8-8470-6E22026B595A}.Release|Any CPU.ActiveCfg = Release|Any CPU
		{1A77B7C0-2333-49B8-8470-6E22026B595A}.Release|Any CPU.Build.0 = Release|Any CPU
	EndGlobalSection
	GlobalSection(SolutionProperties) = preSolution
		HideSolutionNode = FALSE
	EndGlobalSection
	GlobalSection(ExtensibilityGlobals) = postSolution
		SolutionGuid = {9B784D56-B296-4A85-97DB-E927EFE65B90}
	EndGlobalSection
EndGlobal
